Microsoft Visual Studio Solution File, Format Version 12.00
# Visual Studio Version 17
VisualStudioVersion = 17.5.2.0
MinimumVisualStudioVersion = 10.0.40219.1
Project("{FAE04EC0-301F-11D3-BF4B-00C04F79EFBC}") = "HospitalDeVehiculosUltimaVersion", "HospitalDeVehiculosUltimaVersion.csproj", "{3A432C75-73E7-38D7-EC77-1E4BFBE3B6AB}"
EndProject
Global
	GlobalSection(SolutionConfigurationPlatforms) = preSolution
		Debug|Any CPU = Debug|Any CPU
		Release|Any CPU = Release|Any CPU
	EndGlobalSection
	GlobalSection(ProjectConfigurationPlatforms) = postSolution
		{3A432C75-73E7-38D7-EC77-1E4BFBE3B6AB}.Debug|Any CPU.ActiveCfg = Debug|Any CPU
		{3A432C75-73E7-38D7-EC77-1E4BFBE3B6AB}.Debug|Any CPU.Build.0 = Debug|Any CPU
		{3A432C75-73E7-38D7-EC77-1E4BFBE3B6AB}.Release|Any CPU.ActiveCfg = Release|Any CPU
		{3A432C75-73E7-38D7-EC77-1E4BFBE3B6AB}.Release|Any CPU.Build.0 = Release|Any CPU
	EndGlobalSection
	GlobalSection(SolutionProperties) = preSolution
		HideSolutionNode = FALSE
	EndGlobalSection
	GlobalSection(ExtensibilityGlobals) = postSolution
		SolutionGuid = {DD00AD70-3746-42AC-B2D8-6FB2A7EEFB39}
	EndGlobalSection
EndGlobal
